
Microsoft Visual Studio Solution File, Format Version 9.00
# Visual Studio 2005
Project("{FAE04EC0-301F-11D3-BF4B-00C04F79EFBC}") = "ClientChat", "ClientChat\ClientChat.csproj", "{4582FA58-11F9-4C2B-B2B9-C4DC51C3FC26}"
EndProject
Project("{FAE04EC0-301F-11D3-BF4B-00C04F79EFBC}") = "Telepointers", "Telepointers\Telepointers.csproj", "{0429E659-A35B-4A5C-917A-49CEA6D48B5E}"
EndProject
Project("{FAE04EC0-301F-11D3-BF4B-00C04F79EFBC}") = "SharedDictionaryTest", "SharedDictionaryTest\SharedDictionaryTest.csproj", "{0A455BC3-ECB0-4E60-BCF4-4C2079362D07}"
EndProject
Project("{FAE04EC0-301F-11D3-BF4B-00C04F79EFBC}") = "Lobby", "Lobby\Lobby.csproj", "{5140F22E-6865-40DA-BA8F-6B516D16F4D6}"
EndProject
Project("{FAE04EC0-301F-11D3-BF4B-00C04F79EFBC}") = "LobbyServerTest", "LobbyServerTest\LobbyServerTest.csproj", "{7A94C0B5-EFF5-4975-8302-41F1CAB61A90}"
EndProject
Project("{FAE04EC0-301F-11D3-BF4B-00C04F79EFBC}") = "LobbyClientTest", "LobbyClientTest\LobbyClientTest.csproj", "{536330E5-0E40-4E01-BF83-A1A776974EE7}"
EndProject
Project("{FAE04EC0-301F-11D3-BF4B-00C04F79EFBC}") = "GTClient", "GTClient\GTClient.csproj", "{621EB577-E34F-4833-A978-9DCA342D9F6C}"
EndProject
Project("{FAE04EC0-301F-11D3-BF4B-00C04F79EFBC}") = "Test", "Test\Test.csproj", "{5E0D5A6B-F5D2-4EAB-AA17-11EB7EBAED02}"
EndProject
Project("{FAE04EC0-301F-11D3-BF4B-00C04F79EFBC}") = "PassiveTelepointers", "PassiveTelepointers\PassiveTelepointers.csproj", "{C50DD63B-0ACE-4F9B-A8C9-7E2C7EC0D3C8}"
EndProject
Project("{FAE04EC0-301F-11D3-BF4B-00C04F79EFBC}") = "EmptyStringTest", "EmptyStringTest\EmptyStringTest.csproj", "{D417F52C-AA66-4894-93B9-9D8C6DAD6940}"
EndProject
Global
	GlobalSection(SolutionConfigurationPlatforms) = preSolution
		Debug|Any CPU = Debug|Any CPU
		Release|Any CPU = Release|Any CPU
	EndGlobalSection
	GlobalSection(ProjectConfigurationPlatforms) = postSolution
		{4582FA58-11F9-4C2B-B2B9-C4DC51C3FC26}.Debug|Any CPU.ActiveCfg = Debug|Any CPU
		{4582FA58-11F9-4C2B-B2B9-C4DC51C3FC26}.Debug|Any CPU.Build.0 = Debug|Any CPU
		{4582FA58-11F9-4C2B-B2B9-C4DC51C3FC26}.Release|Any CPU.ActiveCfg = Release|Any CPU
		{4582FA58-11F9-4C2B-B2B9-C4DC51C3FC26}.Release|Any CPU.Build.0 = Release|Any CPU
		{0429E659-A35B-4A5C-917A-49CEA6D48B5E}.Debug|Any CPU.ActiveCfg = Debug|Any CPU
		{0429E659-A35B-4A5C-917A-49CEA6D48B5E}.Debug|Any CPU.Build.0 = Debug|Any CPU
		{0429E659-A35B-4A5C-917A-49CEA6D48B5E}.Release|Any CPU.ActiveCfg = Release|Any CPU
		{0429E659-A35B-4A5C-917A-49CEA6D48B5E}.Release|Any CPU.Build.0 = Release|Any CPU
		{0A455BC3-ECB0-4E60-BCF4-4C2079362D07}.Debug|Any CPU.ActiveCfg = Debug|Any CPU
		{0A455BC3-ECB0-4E60-BCF4-4C2079362D07}.Debug|Any CPU.Build.0 = Debug|Any CPU
		{0A455BC3-ECB0-4E60-BCF4-4C2079362D07}.Release|Any CPU.ActiveCfg = Release|Any CPU
		{0A455BC3-ECB0-4E60-BCF4-4C2079362D07}.Release|Any CPU.Build.0 = Release|Any CPU
		{5140F22E-6865-40DA-BA8F-6B516D16F4D6}.Debug|Any CPU.ActiveCfg = Debug|Any CPU
		{5140F22E-6865-40DA-BA8F-6B516D16F4D6}.Debug|Any CPU.Build.0 = Debug|Any CPU
		{5140F22E-6865-40DA-BA8F-6B516D16F4D6}.Release|Any CPU.ActiveCfg = Release|Any CPU
		{5140F22E-6865-40DA-BA8F-6B516D16F4D6}.Release|Any CPU.Build.0 = Release|Any CPU
		{7A94C0B5-EFF5-4975-8302-41F1CAB61A90}.Debug|Any CPU.ActiveCfg = Debug|Any CPU
		{7A94C0B5-EFF5-4975-8302-41F1CAB61A90}.Debug|Any CPU.Build.0 = Debug|Any CPU
		{7A94C0B5-EFF5-4975-8302-41F1CAB61A90}.Release|Any CPU.ActiveCfg = Release|Any CPU
		{7A94C0B5-EFF5-4975-8302-41F1CAB61A90}.Release|Any CPU.Build.0 = Release|Any CPU
		{536330E5-0E40-4E01-BF83-A1A776974EE7}.Debug|Any CPU.ActiveCfg = Debug|Any CPU
		{536330E5-0E40-4E01-BF83-A1A776974EE7}.Debug|Any CPU.Build.0 = Debug|Any CPU
		{536330E5-0E40-4E01-BF83-A1A776974EE7}.Release|Any CPU.ActiveCfg = Release|Any CPU
		{536330E5-0E40-4E01-BF83-A1A776974EE7}.Release|Any CPU.Build.0 = Release|Any CPU
		{621EB577-E34F-4833-A978-9DCA342D9F6C}.Debug|Any CPU.ActiveCfg = Debug|Any CPU
		{621EB577-E34F-4833-A978-9DCA342D9F6C}.Debug|Any CPU.Build.0 = Debug|Any CPU
		{621EB577-E34F-4833-A978-9DCA342D9F6C}.Release|Any CPU.ActiveCfg = Release|Any CPU
		{621EB577-E34F-4833-A978-9DCA342D9F6C}.Release|Any CPU.Build.0 = Release|Any CPU
		{5E0D5A6B-F5D2-4EAB-AA17-11EB7EBAED02}.Debug|Any CPU.ActiveCfg = Debug|Any CPU
		{5E0D5A6B-F5D2-4EAB-AA17-11EB7EBAED02}.Debug|Any CPU.Build.0 = Debug|Any CPU
		{5E0D5A6B-F5D2-4EAB-AA17-11EB7EBAED02}.Release|Any CPU.ActiveCfg = Release|Any CPU
		{5E0D5A6B-F5D2-4EAB-AA17-11EB7EBAED02}.Release|Any CPU.Build.0 = Release|Any CPU
		{C50DD63B-0ACE-4F9B-A8C9-7E2C7EC0D3C8}.Debug|Any CPU.ActiveCfg = Debug|Any CPU
		{C50DD63B-0ACE-4F9B-A8C9-7E2C7EC0D3C8}.Debug|Any CPU.Build.0 = Debug|Any CPU
		{C50DD63B-0ACE-4F9B-A8C9-7E2C7EC0D3C8}.Release|Any CPU.ActiveCfg = Release|Any CPU
		{C50DD63B-0ACE-4F9B-A8C9-7E2C7EC0D3C8}.Release|Any CPU.Build.0 = Release|Any CPU
		{D417F52C-AA66-4894-93B9-9D8C6DAD6940}.Debug|Any CPU.ActiveCfg = Debug|Any CPU
		{D417F52C-AA66-4894-93B9-9D8C6DAD6940}.Debug|Any CPU.Build.0 = Debug|Any CPU
		{D417F52C-AA66-4894-93B9-9D8C6DAD6940}.Release|Any CPU.ActiveCfg = Release|Any CPU
		{D417F52C-AA66-4894-93B9-9D8C6DAD6940}.Release|Any CPU.Build.0 = Release|Any CPU
	EndGlobalSection
	GlobalSection(SolutionProperties) = preSolution
		HideSolutionNode = FALSE
	EndGlobalSection
EndGlobal
